
Microsoft Visual Studio Solution File, Format Version 12.00
# Visual Studio 15
VisualStudioVersion = 15.0.26228.12
MinimumVisualStudioVersion = 10.0.40219.1
Project("{2150E333-8FDC-42A3-9474-1A3956D46DE8}") = "src", "src", "{C70B92FE-2872-454A-94AB-4D8632B86BD1}"
EndProject
Project("{2150E333-8FDC-42A3-9474-1A3956D46DE8}") = "Solution Items", "Solution Items", "{254CADEF-315C-462C-A4CE-2E748B03190F}"
EndProject
Project("{9A19103F-16F7-4668-BE54-9A1E7A4F7556}") = "FrameAuth", "src\FrameAuth\FrameAuth.csproj", "{212C297F-125C-4129-95C2-56EA33204953}"
EndProject
Project("{9A19103F-16F7-4668-BE54-9A1E7A4F7556}") = "FrameUI", "src\FrameUI\FrameUI.csproj", "{618477F6-4629-48C9-BE5D-FE3C36B2AAE0}"
EndProject
Project("{9A19103F-16F7-4668-BE54-9A1E7A4F7556}") = "FrameLog", "src\FrameLog\FrameLog.csproj", "{3E944071-C87B-4DD9-A4BE-4E2B9639D38F}"
EndProject
Project("{9A19103F-16F7-4668-BE54-9A1E7A4F7556}") = "FrameSearch", "src\FrameSearch\FrameSearch.csproj", "{8E994BD9-BB44-452B-A110-7704094B3BDE}"
EndProject
Project("{9A19103F-16F7-4668-BE54-9A1E7A4F7556}") = "FrameAudit", "src\FrameAudit\FrameAudit.csproj", "{29A75D93-8DD1-4EC8-8A0C-91B779DF32F8}"
EndProject
Project("{FAE04EC0-301F-11D3-BF4B-00C04F79EFBC}") = "FrameTests", "src\FrameTests\FrameTests.csproj", "{D00BACBE-D9AD-413F-B9F6-57B73244E321}"
EndProject
Global
	GlobalSection(SolutionConfigurationPlatforms) = preSolution
		Debug|Any CPU = Debug|Any CPU
		Release|Any CPU = Release|Any CPU
	EndGlobalSection
	GlobalSection(ProjectConfigurationPlatforms) = postSolution
		{212C297F-125C-4129-95C2-56EA33204953}.Debug|Any CPU.ActiveCfg = Debug|Any CPU
		{212C297F-125C-4129-95C2-56EA33204953}.Debug|Any CPU.Build.0 = Debug|Any CPU
		{212C297F-125C-4129-95C2-56EA33204953}.Release|Any CPU.ActiveCfg = Release|Any CPU
		{212C297F-125C-4129-95C2-56EA33204953}.Release|Any CPU.Build.0 = Release|Any CPU
		{618477F6-4629-48C9-BE5D-FE3C36B2AAE0}.Debug|Any CPU.ActiveCfg = Debug|Any CPU
		{618477F6-4629-48C9-BE5D-FE3C36B2AAE0}.Debug|Any CPU.Build.0 = Debug|Any CPU
		{618477F6-4629-48C9-BE5D-FE3C36B2AAE0}.Release|Any CPU.ActiveCfg = Release|Any CPU
		{618477F6-4629-48C9-BE5D-FE3C36B2AAE0}.Release|Any CPU.Build.0 = Release|Any CPU
		{3E944071-C87B-4DD9-A4BE-4E2B9639D38F}.Debug|Any CPU.ActiveCfg = Debug|Any CPU
		{3E944071-C87B-4DD9-A4BE-4E2B9639D38F}.Debug|Any CPU.Build.0 = Debug|Any CPU
		{3E944071-C87B-4DD9-A4BE-4E2B9639D38F}.Release|Any CPU.ActiveCfg = Release|Any CPU
		{3E944071-C87B-4DD9-A4BE-4E2B9639D38F}.Release|Any CPU.Build.0 = Release|Any CPU
		{8E994BD9-BB44-452B-A110-7704094B3BDE}.Debug|Any CPU.ActiveCfg = Debug|Any CPU
		{8E994BD9-BB44-452B-A110-7704094B3BDE}.Debug|Any CPU.Build.0 = Debug|Any CPU
		{8E994BD9-BB44-452B-A110-7704094B3BDE}.Release|Any CPU.ActiveCfg = Release|Any CPU
		{8E994BD9-BB44-452B-A110-7704094B3BDE}.Release|Any CPU.Build.0 = Release|Any CPU
		{29A75D93-8DD1-4EC8-8A0C-91B779DF32F8}.Debug|Any CPU.ActiveCfg = Debug|Any CPU
		{29A75D93-8DD1-4EC8-8A0C-91B779DF32F8}.Debug|Any CPU.Build.0 = Debug|Any CPU
		{29A75D93-8DD1-4EC8-8A0C-91B779DF32F8}.Release|Any CPU.ActiveCfg = Release|Any CPU
		{29A75D93-8DD1-4EC8-8A0C-91B779DF32F8}.Release|Any CPU.Build.0 = Release|Any CPU
		{D00BACBE-D9AD-413F-B9F6-57B73244E321}.Debug|Any CPU.ActiveCfg = Debug|Any CPU
		{D00BACBE-D9AD-413F-B9F6-57B73244E321}.Debug|Any CPU.Build.0 = Debug|Any CPU
		{D00BACBE-D9AD-413F-B9F6-57B73244E321}.Release|Any CPU.ActiveCfg = Release|Any CPU
		{D00BACBE-D9AD-413F-B9F6-57B73244E321}.Release|Any CPU.Build.0 = Release|Any CPU
	EndGlobalSection
	GlobalSection(SolutionProperties) = preSolution
		HideSolutionNode = FALSE
	EndGlobalSection
	GlobalSection(NestedProjects) = preSolution
		{212C297F-125C-4129-95C2-56EA33204953} = {C70B92FE-2872-454A-94AB-4D8632B86BD1}
		{618477F6-4629-48C9-BE5D-FE3C36B2AAE0} = {C70B92FE-2872-454A-94AB-4D8632B86BD1}
		{3E944071-C87B-4DD9-A4BE-4E2B9639D38F} = {C70B92FE-2872-454A-94AB-4D8632B86BD1}
		{8E994BD9-BB44-452B-A110-7704094B3BDE} = {C70B92FE-2872-454A-94AB-4D8632B86BD1}
		{29A75D93-8DD1-4EC8-8A0C-91B779DF32F8} = {C70B92FE-2872-454A-94AB-4D8632B86BD1}
		{D00BACBE-D9AD-413F-B9F6-57B73244E321} = {C70B92FE-2872-454A-94AB-4D8632B86BD1}
	EndGlobalSection
EndGlobal
